
Microsoft Visual Studio Solution File, Format Version 12.00
# Visual Studio 14
VisualStudioVersion = 14.0.25420.1
MinimumVisualStudioVersion = 10.0.40219.1
Project("{FAE04EC0-301F-11D3-BF4B-00C04F79EFBC}") = "ElasticUp", "ElasticUp.csproj", "{F788326D-D913-4B75-B8A8-9BE1DBD374FC}"
EndProject
Project("{FAE04EC0-301F-11D3-BF4B-00C04F79EFBC}") = "ElasticUp.Tests", "..\ElasticUp.Tests\ElasticUp.Tests.csproj", "{937C4228-8FBF-4537-85C0-03B3D8747253}"
EndProject
Global
	GlobalSection(SolutionConfigurationPlatforms) = preSolution
		Debug|Any CPU = Debug|Any CPU
		Release|Any CPU = Release|Any CPU
	EndGlobalSection
	GlobalSection(ProjectConfigurationPlatforms) = postSolution
		{F788326D-D913-4B75-B8A8-9BE1DBD374FC}.Debug|Any CPU.ActiveCfg = Debug|Any CPU
		{F788326D-D913-4B75-B8A8-9BE1DBD374FC}.Debug|Any CPU.Build.0 = Debug|Any CPU
		{F788326D-D913-4B75-B8A8-9BE1DBD374FC}.Release|Any CPU.ActiveCfg = Release|Any CPU
		{F788326D-D913-4B75-B8A8-9BE1DBD374FC}.Release|Any CPU.Build.0 = Release|Any CPU
		{937C4228-8FBF-4537-85C0-03B3D8747253}.Debug|Any CPU.ActiveCfg = Debug|Any CPU
		{937C4228-8FBF-4537-85C0-03B3D8747253}.Debug|Any CPU.Build.0 = Debug|Any CPU
		{937C4228-8FBF-4537-85C0-03B3D8747253}.Release|Any CPU.ActiveCfg = Release|Any CPU
		{937C4228-8FBF-4537-85C0-03B3D8747253}.Release|Any CPU.Build.0 = Release|Any CPU
	EndGlobalSection
	GlobalSection(SolutionProperties) = preSolution
		HideSolutionNode = FALSE
	EndGlobalSection
EndGlobal
